
Microsoft Visual Studio Solution File, Format Version 12.00
# Visual Studio 2013
VisualStudioVersion = 12.0.31101.0
MinimumVisualStudioVersion = 10.0.40219.1
Project("{FAE04EC0-301F-11D3-BF4B-00C04F79EFBC}") = "读取文本文件", "读取文本文件\读取文本文件.csproj", "{FB03F545-830D-4CDA-A330-68FA69A40112}"
EndProject
Global
	GlobalSection(SolutionConfigurationPlatforms) = preSolution
		Debug|Any CPU = Debug|Any CPU
		Release|Any CPU = Release|Any CPU
	EndGlobalSection
	GlobalSection(ProjectConfigurationPlatforms) = postSolution
		{FB03F545-830D-4CDA-A330-68FA69A40112}.Debug|Any CPU.ActiveCfg = Debug|Any CPU
		{FB03F545-830D-4CDA-A330-68FA69A40112}.Debug|Any CPU.Build.0 = Debug|Any CPU
		{FB03F545-830D-4CDA-A330-68FA69A40112}.Release|Any CPU.ActiveCfg = Release|Any CPU
		{FB03F545-830D-4CDA-A330-68FA69A40112}.Release|Any CPU.Build.0 = Release|Any CPU
	EndGlobalSection
	GlobalSection(SolutionProperties) = preSolution
		HideSolutionNode = FALSE
	EndGlobalSection
EndGlobal
